// !$*UTF8*$!
{
	archiveVersion = 1;
	classes = {
	};
	objectVersion = 50;
	objects = {

/* Begin PBXBuildFile section */
		18FC76EA20C65C230003ACAA /* AppDelegate.swift in Sources */ = {isa = PBXBuildFile; fileRef = 18FC76E920C65C230003ACAA /* AppDelegate.swift */; };
		18FC76EC20C65C230003ACAA /* art.scnassets in Resources */ = {isa = PBXBuildFile; fileRef = 18FC76EB20C65C230003ACAA /* art.scnassets */; };
		18FC76EE20C65C230003ACAA /* ViewController.swift in Sources */ = {isa = PBXBuildFile; fileRef = 18FC76ED20C65C230003ACAA /* ViewController.swift */; };
		18FC76F120C65C230003ACAA /* Main.storyboard in Resources */ = {isa = PBXBuildFile; fileRef = 18FC76EF20C65C230003ACAA /* Main.storyboard */; };
		18FC76F320C65C320003ACAA /* Assets.xcassets in Resources */ = {isa = PBXBuildFile; fileRef = 18FC76F220C65C320003ACAA /* Assets.xcassets */; };
		18FC76F620C65C320003ACAA /* LaunchScreen.storyboard in Resources */ = {isa = PBXBuildFile; fileRef = 18FC76F420C65C320003ACAA /* LaunchScreen.storyboard */; };
		18FC770120C65C330003ACAA /* ARTextTests.swift in Sources */ = {isa = PBXBuildFile; fileRef = 18FC770020C65C330003ACAA /* ARTextTests.swift */; };
		18FC770C20C65C330003ACAA /* ARTextUITests.swift in Sources */ = {isa = PBXBuildFile; fileRef = 18FC770B20C65C330003ACAA /* ARTextUITests.swift */; };
/* End PBXBuildFile section */

/* Begin PBXContainerItemProxy section */
		18FC76FD20C65C330003ACAA /* PBXContainerItemProxy */ = {
			isa = PBXContainerItemProxy;
			containerPortal = 18FC76DE20C65C230003ACAA /* Project object */;
			proxyType = 1;
			remoteGlobalIDString = 18FC76E520C65C230003ACAA;
			remoteInfo = ARText;
		};
		18FC770820C65C330003ACAA /* PBXContainerItemProxy */ = {
			isa = PBXContainerItemProxy;
			containerPortal = 18FC76DE20C65C230003ACAA /* Project object */;
			proxyType = 1;
			remoteGlobalIDString = 18FC76E520C65C230003ACAA;
			remoteInfo = ARText;
		};
/* End PBXContainerItemProxy section */

/* Begin PBXFileReference section */
		18FC76E620C65C230003ACAA /* ARText.app */ = {isa = PBXFileReference; explicitFileType = wrapper.application; includeInIndex = 0; path = ARText.app; sourceTree = BUILT_PRODUCTS_DIR; };
		18FC76E920C65C230003ACAA /* AppDelegate.swift */ = {isa = PBXFileReference; lastKnownFileType = sourcecode.swift; path = AppDelegate.swift; sourceTree = "<group>"; };
		18FC76EB20C65C230003ACAA /* art.scnassets */ = {isa = PBXFileReference; lastKnownFileType = wrapper.scnassets; path = art.scnassets; sourceTree = "<group>"; };
		18FC76ED20C65C230003ACAA /* ViewController.swift */ = {isa = PBXFileReference; lastKnownFileType = sourcecode.swift; path = ViewController.swift; sourceTree = "<group>"; };
		18FC76F020C65C230003ACAA /* Base */ = {isa = PBXFileReference; lastKnownFileType = file.storyboard; name = Base; path = Base.lproj/Main.storyboard; sourceTree = "<group>"; };
		18FC76F220C65C320003ACAA /* Assets.xcassets */ = {isa = PBXFileReference; lastKnownFileType = folder.assetcatalog; path = Assets.xcassets; sourceTree = "<group>"; };
		18FC76F520C65C320003ACAA /* Base */ = {isa = PBXFileReference; lastKnownFileType = file.storyboard; name = Base; path = Base.lproj/LaunchScreen.storyboard; sourceTree = "<group>"; };
		18FC76F720C65C320003ACAA /* Info.plist */ = {isa = PBXFileReference; lastKnownFileType = text.plist.xml; path = Info.plist; sourceTree = "<group>"; };
		18FC76FC20C65C330003ACAA /* ARTextTests.xctest */ = {isa = PBXFileReference; explicitFileType = wrapper.cfbundle; includeInIndex = 0; path = ARTextTests.xctest; sourceTree = BUILT_PRODUCTS_DIR; };
		18FC770020C65C330003ACAA /* ARTextTests.swift */ = {isa = PBXFileReference; lastKnownFileType = sourcecode.swift; path = ARTextTests.swift; sourceTree = "<group>"; };
		18FC770220C65C330003ACAA /* Info.plist */ = {isa = PBXFileReference; lastKnownFileType = text.plist.xml; path = Info.plist; sourceTree = "<group>"; };
		18FC770720C65C330003ACAA /* ARTextUITests.xctest */ = {isa = PBXFileReference; explicitFileType = wrapper.cfbundle; includeInIndex = 0; path = ARTextUITests.xctest; sourceTree = BUILT_PRODUCTS_DIR; };
		18FC770B20C65C330003ACAA /* ARTextUITests.swift */ = {isa = PBXFileReference; lastKnownFileType = sourcecode.swift; path = ARTextUITests.swift; sourceTree = "<group>"; };
		18FC770D20C65C330003ACAA /* Info.plist */ = {isa = PBXFileReference; lastKnownFileType = text.plist.xml; path = Info.plist; sourceTree = "<group>"; };
/* End PBXFileReference section */

/* Begin PBXFrameworksBuildPhase section */
		18FC76E320C65C230003ACAA /* Frameworks */ = {
			isa = PBXFrameworksBuildPhase;
			buildActionMask = 2147483647;
			files = (
			);
			runOnlyForDeploymentPostprocessing = 0;
		};
		18FC76F920C65C330003ACAA /* Frameworks */ = {
			isa = PBXFrameworksBuildPhase;
			buildActionMask = 2147483647;
			files = (
			);
			runOnlyForDeploymentPostprocessing = 0;
		};
		18FC770420C65C330003ACAA /* Frameworks */ = {
			isa = PBXFrameworksBuildPhase;
			buildActionMask = 2147483647;
			files = (
			);
			runOnlyForDeploymentPostprocessing = 0;
		};
/* End PBXFrameworksBuildPhase section */

/* Begin PBXGroup section */
		18FC76DD20C65C230003ACAA = {
			isa = PBXGroup;
			children = (
				18FC76E820C65C230003ACAA /* ARText */,
				18FC76FF20C65C330003ACAA /* ARTextTests */,
				18FC770A20C65C330003ACAA /* ARTextUITests */,
				18FC76E720C65C230003ACAA /* Products */,
			);
			sourceTree = "<group>";
		};
		18FC76E720C65C230003ACAA /* Products */ = {
			isa = PBXGroup;
			children = (
				18FC76E620C65C230003ACAA /* ARText.app */,
				18FC76FC20C65C330003ACAA /* ARTextTests.xctest */,
				18FC770720C65C330003ACAA /* ARTextUITests.xctest */,
			);
			name = Products;
			sourceTree = "<group>";
		};
		18FC76E820C65C230003ACAA /* ARText */ = {
			isa = PBXGroup;
			children = (
				18FC76E920C65C230003ACAA /* AppDelegate.swift */,
				18FC76EB20C65C230003ACAA /* art.scnassets */,
				18FC76ED20C65C230003ACAA /* ViewController.swift */,
				18FC76EF20C65C230003ACAA /* Main.storyboard */,
				18FC76F220C65C320003ACAA /* Assets.xcassets */,
				18FC76F420C65C320003ACAA /* LaunchScreen.storyboard */,
				18FC76F720C65C320003ACAA /* Info.plist */,
			);
			path = ARText;
			sourceTree = "<group>";
		};
		18FC76FF20C65C330003ACAA /* ARTextTests */ = {
			isa = PBXGroup;
			children = (
				18FC770020C65C330003ACAA /* ARTextTests.swift */,
				18FC770220C65C330003ACAA /* Info.plist */,
			);
			path = ARTextTests;
			sourceTree = "<group>";
		};
		18FC770A20C65C330003ACAA /* ARTextUITests */ = {
			isa = PBXGroup;
			children = (
				18FC770B20C65C330003ACAA /* ARTextUITests.swift */,
				18FC770D20C65C330003ACAA /* Info.plist */,
			);
			path = ARTextUITests;
			sourceTree = "<group>";
		};
/* End PBXGroup section */

/* Begin PBXNativeTarget section */
		18FC76E520C65C230003ACAA /* ARText */ = {
			isa = PBXNativeTarget;
			buildConfigurationList = 18FC771020C65C330003ACAA /* Build configuration list for PBXNativeTarget "ARText" */;
			buildPhases = (
				18FC76E220C65C230003ACAA /* Sources */,
				18FC76E320C65C230003ACAA /* Frameworks */,
				18FC76E420C65C230003ACAA /* Resources */,
			);
			buildRules = (
			);
			dependencies = (
			);
			name = ARText;
			productName = ARText;
			productReference = 18FC76E620C65C230003ACAA /* ARText.app */;
			productType = "com.apple.product-type.application";
		};
		18FC76FB20C65C330003ACAA /* ARTextTests */ = {
			isa = PBXNativeTarget;
			buildConfigurationList = 18FC771320C65C330003ACAA /* Build configuration list for PBXNativeTarget "ARTextTests" */;
			buildPhases = (
				18FC76F820C65C330003ACAA /* Sources */,
				18FC76F920C65C330003ACAA /* Frameworks */,
				18FC76FA20C65C330003ACAA /* Resources */,
			);
			buildRules = (
			);
			dependencies = (
				18FC76FE20C65C330003ACAA /* PBXTargetDependency */,
			);
			name = ARTextTests;
			productName = ARTextTests;
			productReference = 18FC76FC20C65C330003ACAA /* ARTextTests.xctest */;
			productType = "com.apple.product-type.bundle.unit-test";
		};
		18FC770620C65C330003ACAA /* ARTextUITests */ = {
			isa = PBXNativeTarget;
			buildConfigurationList = 18FC771620C65C330003ACAA /* Build configuration list for PBXNativeTarget "ARTextUITests" */;
			buildPhases = (
				18FC770320C65C330003ACAA /* Sources */,
				18FC770420C65C330003ACAA /* Frameworks */,
				18FC770520C65C330003ACAA /* Resources */,
			);
			buildRules = (
			);
			dependencies = (
				18FC770920C65C330003ACAA /* PBXTargetDependency */,
			);
			name = ARTextUITests;
			productName = ARTextUITests;
			productReference = 18FC770720C65C330003ACAA /* ARTextUITests.xctest */;
			productType = "com.apple.product-type.bundle.ui-testing";
		};
/* End PBXNativeTarget section */

/* Begin PBXProject section */
		18FC76DE20C65C230003ACAA /* Project object */ = {
			isa = PBXProject;
			attributes = {
				LastSwiftUpdateCheck = 0930;
				LastUpgradeCheck = 0930;
				ORGANIZATIONNAME = Apple;
				TargetAttributes = {
					18FC76E520C65C230003ACAA = {
						CreatedOnToolsVersion = 9.3;
					};
					18FC76FB20C65C330003ACAA = {
						CreatedOnToolsVersion = 9.3;
						TestTargetID = 18FC76E520C65C230003ACAA;
					};
					18FC770620C65C330003ACAA = {
						CreatedOnToolsVersion = 9.3;
						TestTargetID = 18FC76E520C65C230003ACAA;
					};
				};
			};
			buildConfigurationList = 18FC76E120C65C230003ACAA /* Build configuration list for PBXProject "ARText" */;
			compatibilityVersion = "Xcode 9.3";
			developmentRegion = en;
			hasScannedForEncodings = 0;
			knownRegions = (
				en,
				Base,
			);
			mainGroup = 18FC76DD20C65C230003ACAA;
			productRefGroup = 18FC76E720C65C230003ACAA /* Products */;
			projectDirPath = "";
			projectRoot = "";
			targets = (
				18FC76E520C65C230003ACAA /* ARText */,
				18FC76FB20C65C330003ACAA /* ARTextTests */,
				18FC770620C65C330003ACAA /* ARTextUITests */,
			);
		};
/* End PBXProject section */

/* Begin PBXResourcesBuildPhase section */
		18FC76E420C65C230003ACAA /* Resources */ = {
			isa = PBXResourcesBuildPhase;
			buildActionMask = 2147483647;
			files = (
				18FC76EC20C65C230003ACAA /* art.scnassets in Resources */,
				18FC76F620C65C320003ACAA /* LaunchScreen.storyboard in Resources */,
				18FC76F320C65C320003ACAA /* Assets.xcassets in Resources */,
				18FC76F120C65C230003ACAA /* Main.storyboard in Resources */,
			);
			runOnlyForDeploymentPostprocessing = 0;
		};
		18FC76FA20C65C330003ACAA /* Resources */ = {
			isa = PBXResourcesBuildPhase;
			buildActionMask = 2147483647;
			files = (
			);
			runOnlyForDeploymentPostprocessing = 0;
		};
		18FC770520C65C330003ACAA /* Resources */ = {
			isa = PBXResourcesBuildPhase;
			buildActionMask = 2147483647;
			files = (
			);
			runOnlyForDeploymentPostprocessing = 0;
		};
/* End PBXResourcesBuildPhase section */

/* Begin PBXSourcesBuildPhase section */
		18FC76E220C65C230003ACAA /* Sources */ = {
			isa = PBXSourcesBuildPhase;
			buildActionMask = 2147483647;
			files = (
				18FC76EE20C65C230003ACAA /* ViewController.swift in Sources */,
				18FC76EA20C65C230003ACAA /* AppDelegate.swift in Sources */,
			);
			runOnlyForDeploymentPostprocessing = 0;
		};
		18FC76F820C65C330003ACAA /* Sources */ = {
			isa = PBXSourcesBuildPhase;
			buildActionMask = 2147483647;
			files = (
				18FC770120C65C330003ACAA /* ARTextTests.swift in Sources */,
			);
			runOnlyForDeploymentPostprocessing = 0;
		};
		18FC770320C65C330003ACAA /* Sources */ = {
			isa = PBXSourcesBuildPhase;
			buildActionMask = 2147483647;
			files = (
				18FC770C20C65C330003ACAA /* ARTextUITests.swift in Sources */,
			);
			runOnlyForDeploymentPostprocessing = 0;
		};
/* End PBXSourcesBuildPhase section */

/* Begin PBXTargetDependency section */
		18FC76FE20C65C330003ACAA /* PBXTargetDependency */ = {
			isa = PBXTargetDependency;
			target = 18FC76E520C65C230003ACAA /* ARText */;
			targetProxy = 18FC76FD20C65C330003ACAA /* PBXContainerItemProxy */;
		};
		18FC770920C65C330003ACAA /* PBXTargetDependency */ = {
			isa = PBXTargetDependency;
			target = 18FC76E520C65C230003ACAA /* ARText */;
			targetProxy = 18FC770820C65C330003ACAA /* PBXContainerItemProxy */;
		};
/* End PBXTargetDependency section */

/* Begin PBXVariantGroup section */
		18FC76EF20C65C230003ACAA /* Main.storyboard */ = {
			isa = PBXVariantGroup;
			children = (
				18FC76F020C65C230003ACAA /* Base */,
			);
			name = Main.storyboard;
			sourceTree = "<group>";
		};
		18FC76F420C65C320003ACAA /* LaunchScreen.storyboard */ = {
			isa = PBXVariantGroup;
			children = (
				18FC76F520C65C320003ACAA /* Base */,
			);
			name = LaunchScreen.storyboard;
			sourceTree = "<group>";
		};
/* End PBXVariantGroup section */

/* Begin XCBuildConfiguration section */
		18FC770E20C65C330003ACAA /* Debug */ = {
			isa = XCBuildConfiguration;
			buildSettings = {
				ALWAYS_SEARCH_USER_PATHS = NO;
				CLANG_ANALYZER_NONNULL = YES;
				CLANG_ANALYZER_NUMBER_OBJECT_CONVERSION = YES_AGGRESSIVE;
				CLANG_CXX_LANGUAGE_STANDARD = "gnu++14";
				CLANG_CXX_LIBRARY = "libc++";
				CLANG_ENABLE_MODULES = YES;
				CLANG_ENABLE_OBJC_ARC = YES;
				CLANG_ENABLE_OBJC_WEAK = YES;
				CLANG_WARN_BLOCK_CAPTURE_AUTORELEASING = YES;
				CLANG_WARN_BOOL_CONVERSION = YES;
				CLANG_WARN_COMMA = YES;
				CLANG_WARN_CONSTANT_CONVERSION = YES;
				CLANG_WARN_DEPRECATED_OBJC_IMPLEMENTATIONS = YES;
				CLANG_WARN_DIRECT_OBJC_ISA_USAGE = YES_ERROR;
				CLANG_WARN_DOCUMENTATION_COMMENTS = YES;
				CLANG_WARN_EMPTY_BODY = YES;
				CLANG_WARN_ENUM_CONVERSION = YES;
				CLANG_WARN_INFINITE_RECURSION = YES;
				CLANG_WARN_INT_CONVERSION = YES;
				CLANG_WARN_NON_LITERAL_NULL_CONVERSION = YES;
				CLANG_WARN_OBJC_IMPLICIT_RETAIN_SELF = YES;
				CLANG_WARN_OBJC_LITERAL_CONVERSION = YES;
				CLANG_WARN_OBJC_ROOT_CLASS = YES_ERROR;
				CLANG_WARN_RANGE_LOOP_ANALYSIS = YES;
				CLANG_WARN_STRICT_PROTOTYPES = YES;
				CLANG_WARN_SUSPICIOUS_MOVE = YES;
				CLANG_WARN_UNGUARDED_AVAILABILITY = YES_AGGRESSIVE;
				CLANG_WARN_UNREACHABLE_CODE = YES;
				CLANG_WARN__DUPLICATE_METHOD_MATCH = YES;
				CODE_SIGN_IDENTITY = "iPhone Developer";
				COPY_PHASE_STRIP = NO;
				DEBUG_INFORMATION_FORMAT = dwarf;
				ENABLE_STRICT_OBJC_MSGSEND = YES;
				ENABLE_TESTABILITY = YES;
				GCC_C_LANGUAGE_STANDARD = gnu11;
				GCC_DYNAMIC_NO_PIC = NO;
				GCC_NO_COMMON_BLOCKS = YES;
				GCC_OPTIMIZATION_LEVEL = 0;
				GCC_PREPROCESSOR_DEFINITIONS = (
					"DEBUG=1",
					"$(inherited)",
				);
				GCC_WARN_64_TO_32_BIT_CONVERSION = YES;
				GCC_WARN_ABOUT_RETURN_TYPE = YES_ERROR;
				GCC_WARN_UNDECLARED_SELECTOR = YES;
				GCC_WARN_UNINITIALIZED_AUTOS = YES_AGGRESSIVE;
				GCC_WARN_UNUSED_FUNCTION = YES;
				GCC_WARN_UNUSED_VARIABLE = YES;
				IPHONEOS_DEPLOYMENT_TARGET = 11.3;
				MTL_ENABLE_DEBUG_INFO = YES;
				ONLY_ACTIVE_ARCH = YES;
				SDKROOT = iphoneos;
				SWIFT_ACTIVE_COMPILATION_CONDITIONS = DEBUG;
				SWIFT_OPTIMIZATION_LEVEL = "-Onone";
			};
			name = Debug;
		};
		18FC770F20C65C330003ACAA /* Release */ = {
			isa = XCBuildConfiguration;
			buildSettings = {
				ALWAYS_SEARCH_USER_PATHS = NO;
				CLANG_ANALYZER_NONNULL = YES;
				CLANG_ANALYZER_NUMBER_OBJECT_CONVERSION = YES_AGGRESSIVE;
				CLANG_CXX_LANGUAGE_STANDARD = "gnu++14";
				CLANG_CXX_LIBRARY = "libc++";
				CLANG_ENABLE_MODULES = YES;
				CLANG_ENABLE_OBJC_ARC = YES;
				CLANG_ENABLE_OBJC_WEAK = YES;
				CLANG_WARN_BLOCK_CAPTURE_AUTORELEASING = YES;
				CLANG_WARN_BOOL_CONVERSION = YES;
				CLANG_WARN_COMMA = YES;
				CLANG_WARN_CONSTANT_CONVERSION = YES;
				CLANG_WARN_DEPRECATED_OBJC_IMPLEMENTATIONS = YES;
				CLANG_WARN_DIRECT_OBJC_ISA_USAGE = YES_ERROR;
				CLANG_WARN_DOCUMENTATION_COMMENTS = YES;
				CLANG_WARN_EMPTY_BODY = YES;
				CLANG_WARN_ENUM_CONVERSION = YES;
				CLANG_WARN_INFINITE_RECURSION = YES;
				CLANG_WARN_INT_CONVERSION = YES;
				CLANG_WARN_NON_LITERAL_NULL_CONVERSION = YES;
				CLANG_WARN_OBJC_IMPLICIT_RETAIN_SELF = YES;
				CLANG_WARN_OBJC_LITERAL_CONVERSION = YES;
				CLANG_WARN_OBJC_ROOT_CLASS = YES_ERROR;
				CLANG_WARN_RANGE_LOOP_ANALYSIS = YES;
				CLANG_WARN_STRICT_PROTOTYPES = YES;
				CLANG_WARN_SUSPICIOUS_MOVE = YES;
				CLANG_WARN_UNGUARDED_AVAILABILITY = YES_AGGRESSIVE;
				CLANG_WARN_UNREACHABLE_CODE = YES;
				CLANG_WARN__DUPLICATE_METHOD_MATCH = YES;
				CODE_SIGN_IDENTITY = "iPhone Developer";
				COPY_PHASE_STRIP = NO;
				DEBUG_INFORMATION_FORMAT = "dwarf-with-dsym";
				ENABLE_NS_ASSERTIONS = NO;
				ENABLE_STRICT_OBJC_MSGSEND = YES;
				GCC_C_LANGUAGE_STANDARD = gnu11;
				GCC_NO_COMMON_BLOCKS = YES;
				GCC_WARN_64_TO_32_BIT_CONVERSION = YES;
				GCC_WARN_ABOUT_RETURN_TYPE = YES_ERROR;
				GCC_WARN_UNDECLARED_SELECTOR = YES;
				GCC_WARN_UNINITIALIZED_AUTOS = YES_AGGRESSIVE;
				GCC_WARN_UNUSED_FUNCTION = YES;
				GCC_WARN_UNUSED_VARIABLE = YES;
				IPHONEOS_DEPLOYMENT_TARGET = 11.3;
				MTL_ENABLE_DEBUG_INFO = NO;
				SDKROOT = iphoneos;
				SWIFT_COMPILATION_MODE = wholemodule;
				SWIFT_OPTIMIZATION_LEVEL = "-O";
				VALIDATE_PRODUCT = YES;
			};
			name = Release;
		};
		18FC771120C65C330003ACAA /* Debug */ = {
			isa = XCBuildConfiguration;
			buildSettings = {
				ASSETCATALOG_COMPILER_APPICON_NAME = AppIcon;
				CODE_SIGN_STYLE = Automatic;
				DEVELOPMENT_TEAM = 3NWJFVU6RP;
				INFOPLIST_FILE = ARText/Info.plist;
				LD_RUNPATH_SEARCH_PATHS = (
					"$(inherited)",
					"@executable_path/Frameworks",
				);
				PRODUCT_BUNDLE_IDENTIFIER = com.app.ARText;
				PRODUCT_NAME = "$(TARGET_NAME)";
				SWIFT_VERSION = 4.0;
				TARGETED_DEVICE_FAMILY = "1,2";
			};
			name = Debug;
		};
		18FC771220C65C330003ACAA /* Release */ = {
			isa = XCBuildConfiguration;
			buildSettings = {
				ASSETCATALOG_COMPILER_APPICON_NAME = AppIcon;
				CODE_SIGN_STYLE = Automatic;
				DEVELOPMENT_TEAM = 3NWJFVU6RP;
				INFOPLIST_FILE = ARText/Info.plist;
				LD_RUNPATH_SEARCH_PATHS = (
					"$(inherited)",
					"@executable_path/Frameworks",
				);
				PRODUCT_BUNDLE_IDENTIFIER = com.app.ARText;
				PRODUCT_NAME = "$(TARGET_NAME)";
				SWIFT_VERSION = 4.0;
				TARGETED_DEVICE_FAMILY = "1,2";
			};
			name = Release;
		};
		18FC771420C65C330003ACAA /* Debug */ = {
			isa = XCBuildConfiguration;
			buildSettings = {
				ALWAYS_EMBED_SWIFT_STANDARD_LIBRARIES = YES;
				BUNDLE_LOADER = "$(TEST_HOST)";
				CODE_SIGN_STYLE = Automatic;
				DEVELOPMENT_TEAM = 3NWJFVU6RP;
				INFOPLIST_FILE = ARTextTests/Info.plist;
				LD_RUNPATH_SEARCH_PATHS = (
					"$(inherited)",
					"@executable_path/Frameworks",
					"@loader_path/Frameworks",
				);
				PRODUCT_BUNDLE_IDENTIFIER = com.app.ARTextTests;
				PRODUCT_NAME = "$(TARGET_NAME)";
				SWIFT_VERSION = 4.0;
				TARGETED_DEVICE_FAMILY = "1,2";
				TEST_HOST = "$(BUILT_PRODUCTS_DIR)/ARText.app/ARText";
			};
			name = Debug;
		};
		18FC771520C65C330003ACAA /* Release */ = {
			isa = XCBuildConfiguration;
			buildSettings = {
				ALWAYS_EMBED_SWIFT_STANDARD_LIBRARIES = YES;
				BUNDLE_LOADER = "$(TEST_HOST)";
				CODE_SIGN_STYLE = Automatic;
				DEVELOPMENT_TEAM = 3NWJFVU6RP;
				INFOPLIST_FILE = ARTextTests/Info.plist;
				LD_RUNPATH_SEARCH_PATHS = (
					"$(inherited)",
					"@executable_path/Frameworks",
					"@loader_path/Frameworks",
				);
				PRODUCT_BUNDLE_IDENTIFIER = com.app.ARTextTests;
				PRODUCT_NAME = "$(TARGET_NAME)";
				SWIFT_VERSION = 4.0;
				TARGETED_DEVICE_FAMILY = "1,2";
				TEST_HOST = "$(BUILT_PRODUCTS_DIR)/ARText.app/ARText";
			};
			name = Release;
		};
		18FC771720C65C330003ACAA /* Debug */ = {
			isa = XCBuildConfiguration;
			buildSettings = {
				ALWAYS_EMBED_SWIFT_STANDARD_LIBRARIES = YES;
				CODE_SIGN_STYLE = Automatic;
				DEVELOPMENT_TEAM = 3NWJFVU6RP;
				INFOPLIST_FILE = ARTextUITests/Info.plist;
				LD_RUNPATH_SEARCH_PATHS = (
					"$(inherited)",
					"@executable_path/Frameworks",
					"@loader_path/Frameworks",
				);
				PRODUCT_BUNDLE_IDENTIFIER = com.app.ARTextUITests;
				PRODUCT_NAME = "$(TARGET_NAME)";
				SWIFT_VERSION = 4.0;
				TARGETED_DEVICE_FAMILY = "1,2";
				TEST_TARGET_NAME = ARText;
			};
			name = Debug;
		};
		18FC771820C65C330003ACAA /* Release */ = {
			isa = XCBuildConfiguration;
			buildSettings = {
				ALWAYS_EMBED_SWIFT_STANDARD_LIBRARIES = YES;
				CODE_SIGN_STYLE = Automatic;
				DEVELOPMENT_TEAM = 3NWJFVU6RP;
				INFOPLIST_FILE = ARTextUITests/Info.plist;
				LD_RUNPATH_SEARCH_PATHS = (
					"$(inherited)",
					"@executable_path/Frameworks",
					"@loader_path/Frameworks",
				);
				PRODUCT_BUNDLE_IDENTIFIER = com.app.ARTextUITests;
				PRODUCT_NAME = "$(TARGET_NAME)";
				SWIFT_VERSION = 4.0;
				TARGETED_DEVICE_FAMILY = "1,2";
				TEST_TARGET_NAME = ARText;
			};
			name = Release;
		};
/* End XCBuildConfiguration section */

/* Begin XCConfigurationList section */
		18FC76E120C65C230003ACAA /* Build configuration list for PBXProject "ARText" */ = {
			isa = XCConfigurationList;
			buildConfigurations = (
				18FC770E20C65C330003ACAA /* Debug */,
				18FC770F20C65C330003ACAA /* Release */,
			);
			defaultConfigurationIsVisible = 0;
			defaultConfigurationName = Release;
		};
		18FC771020C65C330003ACAA /* Build configuration list for PBXNativeTarget "ARText" */ = {
			isa = XCConfigurationList;
			buildConfigurations = (
				18FC771120C65C330003ACAA /* Debug */,
				18FC771220C65C330003ACAA /* Release */,
			);
			defaultConfigurationIsVisible = 0;
			defaultConfigurationName = Release;
		};
		18FC771320C65C330003ACAA /* Build configuration list for PBXNativeTarget "ARTextTests" */ = {
			isa = XCConfigurationList;
			buildConfigurations = (
				18FC771420C65C330003ACAA /* Debug */,
				18FC771520C65C330003ACAA /* Release */,
			);
			defaultConfigurationIsVisible = 0;
			defaultConfigurationName = Release;
		};
		18FC771620C65C330003ACAA /* Build configuration list for PBXNativeTarget "ARTextUITests" */ = {
			isa = XCConfigurationList;
			buildConfigurations = (
				18FC771720C65C330003ACAA /* Debug */,
				18FC771820C65C330003ACAA /* Release */,
			);
			defaultConfigurationIsVisible = 0;
			defaultConfigurationName = Release;
		};
/* End XCConfigurationList section */
	};
	rootObject = 18FC76DE20C65C230003ACAA /* Project object */;
}
